<?xml version="1.0" encoding="utf-8"?>
<Project ToolsVersion="4.0" xmlns="http://schemas.microsoft.com/developer/msbuild/2003">
  <ItemGroup>
    <Filter Include="ソース ファイル">
      <UniqueIdentifier>{4FC737F1-C7A5-4376-A066-2A32D752A2FF}</UniqueIdentifier>
      <Extensions>cpp;c;cc;cxx;def;odl;idl;hpj;bat;asm;asmx</Extensions>
    </Filter>
    <Filter Include="ヘッダー ファイル">
      <UniqueIdentifier>{93995380-89BD-4b04-88EB-625FBE52EBFB}</UniqueIdentifier>
      <Extensions>h;hh;hpp;hxx;hm;inl;inc;xsd</Extensions>
    </Filter>
    <Filter Include="リソース ファイル">
      <UniqueIdentifier>{67DA6AB6-F800-4c08-8B7A-83BB121AAD01}</UniqueIdentifier>
      <Extensions>rc;ico;cur;bmp;dlg;rc2;rct;bin;rgs;gif;jpg;jpeg;jpe;resx;tiff;tif;png;wav;mfcribbon-ms</Extensions>
    </Filter>
    <Filter Include="Game">
      <UniqueIdentifier>{c7c9b340-4fff-4b89-a769-8f9a5eb611c0}</UniqueIdentifier>
    </Filter>
    <Filter Include="Scene">
      <UniqueIdentifier>{9c14dc0a-77cc-4958-a26a-62206030c1c7}</UniqueIdentifier>
    </Filter>
  </ItemGroup>
  <ItemGroup>
    <ClCompile Include="Game\GameState.cpp">
      <Filter>Game</Filter>
    </ClCompile>
    <ClCompile Include="BoundingBox.cpp">
      <Filter>ソース ファイル</Filter>
    </ClCompile>
    <ClCompile Include="camera.cpp">
      <Filter>ソース ファイル</Filter>
    </ClCompile>
    <ClCompile Include="Direct3D.cpp">
      <Filter>ソース ファイル</Filter>
    </ClCompile>
    <ClCompile Include="directInput.cpp">
      <Filter>ソース ファイル</Filter>
    </ClCompile>
    <ClCompile Include="DirectSound.cpp">
      <Filter>ソース ファイル</Filter>
    </ClCompile>
    <ClCompile Include="mesh.cpp">
      <Filter>ソース ファイル</Filter>
    </ClCompile>
    <ClCompile Include="Singleton.cpp">
      <Filter>ソース ファイル</Filter>
    </ClCompile>
    <ClCompile Include="Xinput.cpp">
      <Filter>ソース ファイル</Filter>
    </ClCompile>
    <ClCompile Include="winmain.cpp">
      <Filter>ソース ファイル</Filter>
    </ClCompile>
    <ClCompile Include="Wave.cpp">
      <Filter>ソース ファイル</Filter>
    </ClCompile>
    <ClCompile Include="Texture.cpp">
      <Filter>ソース ファイル</Filter>
    </ClCompile>
    <ClCompile Include="Sprite.cpp">
      <Filter>ソース ファイル</Filter>
    </ClCompile>
    <ClCompile Include="SoundBuffer.cpp">
      <Filter>ソース ファイル</Filter>
    </ClCompile>
    <ClCompile Include="Game\Character.cpp">
      <Filter>Game</Filter>
    </ClCompile>
    <ClCompile Include="Game\Title.cpp">
      <Filter>Game</Filter>
    </ClCompile>
    <ClCompile Include="Scene\BaseScene.cpp">
      <Filter>Scene</Filter>
    </ClCompile>
    <ClCompile Include="Scene\ISceneChanger.cpp">
      <Filter>Scene</Filter>
    </ClCompile>
    <ClCompile Include="Scene\SceneManager.cpp">
      <Filter>Scene</Filter>
    </ClCompile>
    <ClCompile Include="Game\Result.cpp">
      <Filter>Game</Filter>
    </ClCompile>
  </ItemGroup>
  <ItemGroup>
    <ClInclude Include="Game\GameState.h">
      <Filter>Game</Filter>
    </ClInclude>
    <ClInclude Include="BoundingBox.h">
      <Filter>ソース ファイル</Filter>
    </ClInclude>
    <ClInclude Include="camera.h">
      <Filter>ソース ファイル</Filter>
    </ClInclude>
    <ClInclude Include="Direct3D.h">
      <Filter>ソース ファイル</Filter>
    </ClInclude>
    <ClInclude Include="directInput.h">
      <Filter>ソース ファイル</Filter>
    </ClInclude>
    <ClInclude Include="DirectSound.h">
      <Filter>ソース ファイル</Filter>
    </ClInclude>
    <ClInclude Include="mesh.h">
      <Filter>ソース ファイル</Filter>
    </ClInclude>
    <ClInclude Include="MyVector.h">
      <Filter>ソース ファイル</Filter>
    </ClInclude>
    <ClInclude Include="Singleton.h">
      <Filter>ソース ファイル</Filter>
    </ClInclude>
    <ClInclude Include="Xinput.h">
      <Filter>ソース ファイル</Filter>
    </ClInclude>
    <ClInclude Include="Wave.h">
      <Filter>ソース ファイル</Filter>
    </ClInclude>
    <ClInclude Include="Texture.h">
      <Filter>ソース ファイル</Filter>
    </ClInclude>
    <ClInclude Include="Sprite.h">
      <Filter>ソース ファイル</Filter>
    </ClInclude>
    <ClInclude Include="SoundBuffer.h">
      <Filter>ソース ファイル</Filter>
    </ClInclude>
    <ClInclude Include="Game\Character.h">
      <Filter>Game</Filter>
    </ClInclude>
    <ClInclude Include="Game\Title.h">
      <Filter>Game</Filter>
    </ClInclude>
    <ClInclude Include="Scene\BaseScene.h">
      <Filter>Scene</Filter>
    </ClInclude>
    <ClInclude Include="Scene\ISceneChanger.h">
      <Filter>Scene</Filter>
    </ClInclude>
    <ClInclude Include="Scene\SceneManager.h">
      <Filter>Scene</Filter>
    </ClInclude>
    <ClInclude Include="Scene\Task.h">
      <Filter>Scene</Filter>
    </ClInclude>
    <ClInclude Include="Game\Result.h">
      <Filter>Game</Filter>
    </ClInclude>
  </ItemGroup>
</Project>